// !$*UTF8*$!
{
	archiveVersion = 1;
	classes = {
	};
	objectVersion = 46;
	objects = {

/* Begin PBXBuildFile section */
		628731701D56BC1900FC21CD /* AppDelegate.swift in Sources */ = {isa = PBXBuildFile; fileRef = 6287316F1D56BC1900FC21CD /* AppDelegate.swift */; };
		628731721D56BC1900FC21CD /* ViewController.swift in Sources */ = {isa = PBXBuildFile; fileRef = 628731711D56BC1900FC21CD /* ViewController.swift */; };
		628731751D56BC1900FC21CD /* Main.storyboard in Resources */ = {isa = PBXBuildFile; fileRef = 628731731D56BC1900FC21CD /* Main.storyboard */; };
		628731771D56BC1900FC21CD /* Assets.xcassets in Resources */ = {isa = PBXBuildFile; fileRef = 628731761D56BC1900FC21CD /* Assets.xcassets */; };
		6287317A1D56BC1900FC21CD /* LaunchScreen.storyboard in Resources */ = {isa = PBXBuildFile; fileRef = 628731781D56BC1900FC21CD /* LaunchScreen.storyboard */; };
		628731831D56BD4500FC21CD /* Post.swift in Sources */ = {isa = PBXBuildFile; fileRef = 628731821D56BD4500FC21CD /* Post.swift */; };
		628731861D56CC6900FC21CD /* PostCell.swift in Sources */ = {isa = PBXBuildFile; fileRef = 628731851D56CC6900FC21CD /* PostCell.swift */; };
		628731891D56D6DE00FC21CD /* AddPostVC.swift in Sources */ = {isa = PBXBuildFile; fileRef = 628731881D56D6DE00FC21CD /* AddPostVC.swift */; };
		6287318C1D57BE4500FC21CD /* DataService.swift in Sources */ = {isa = PBXBuildFile; fileRef = 6287318B1D57BE4500FC21CD /* DataService.swift */; };
/* End PBXBuildFile section */

/* Begin PBXFileReference section */
		6287316C1D56BC1900FC21CD /* My-Neighborhood.app */ = {isa = PBXFileReference; explicitFileType = wrapper.application; includeInIndex = 0; path = "My-Neighborhood.app"; sourceTree = BUILT_PRODUCTS_DIR; };
		6287316F1D56BC1900FC21CD /* AppDelegate.swift */ = {isa = PBXFileReference; lastKnownFileType = sourcecode.swift; path = AppDelegate.swift; sourceTree = "<group>"; };
		628731711D56BC1900FC21CD /* ViewController.swift */ = {isa = PBXFileReference; lastKnownFileType = sourcecode.swift; path = ViewController.swift; sourceTree = "<group>"; };
		628731741D56BC1900FC21CD /* Base */ = {isa = PBXFileReference; lastKnownFileType = file.storyboard; name = Base; path = Base.lproj/Main.storyboard; sourceTree = "<group>"; };
		628731761D56BC1900FC21CD /* Assets.xcassets */ = {isa = PBXFileReference; lastKnownFileType = folder.assetcatalog; path = Assets.xcassets; sourceTree = "<group>"; };
		628731791D56BC1900FC21CD /* Base */ = {isa = PBXFileReference; lastKnownFileType = file.storyboard; name = Base; path = Base.lproj/LaunchScreen.storyboard; sourceTree = "<group>"; };
		6287317B1D56BC1900FC21CD /* Info.plist */ = {isa = PBXFileReference; lastKnownFileType = text.plist.xml; path = Info.plist; sourceTree = "<group>"; };
		628731821D56BD4500FC21CD /* Post.swift */ = {isa = PBXFileReference; fileEncoding = 4; lastKnownFileType = sourcecode.swift; path = Post.swift; sourceTree = "<group>"; };
		628731851D56CC6900FC21CD /* PostCell.swift */ = {isa = PBXFileReference; fileEncoding = 4; lastKnownFileType = sourcecode.swift; path = PostCell.swift; sourceTree = "<group>"; };
		628731881D56D6DE00FC21CD /* AddPostVC.swift */ = {isa = PBXFileReference; fileEncoding = 4; lastKnownFileType = sourcecode.swift; path = AddPostVC.swift; sourceTree = "<group>"; };
		6287318B1D57BE4500FC21CD /* DataService.swift */ = {isa = PBXFileReference; fileEncoding = 4; lastKnownFileType = sourcecode.swift; path = DataService.swift; sourceTree = "<group>"; };
/* End PBXFileReference section */

/* Begin PBXFrameworksBuildPhase section */
		628731691D56BC1900FC21CD /* Frameworks */ = {
			isa = PBXFrameworksBuildPhase;
			buildActionMask = 2147483647;
			files = (
			);
			runOnlyForDeploymentPostprocessing = 0;
		};
/* End PBXFrameworksBuildPhase section */

/* Begin PBXGroup section */
		628731631D56BC1900FC21CD = {
			isa = PBXGroup;
			children = (
				6287316E1D56BC1900FC21CD /* My-Neighborhood */,
				6287316D1D56BC1900FC21CD /* Products */,
			);
			sourceTree = "<group>";
		};
		6287316D1D56BC1900FC21CD /* Products */ = {
			isa = PBXGroup;
			children = (
				6287316C1D56BC1900FC21CD /* My-Neighborhood.app */,
			);
			name = Products;
			sourceTree = "<group>";
		};
		6287316E1D56BC1900FC21CD /* My-Neighborhood */ = {
			isa = PBXGroup;
			children = (
				6287318A1D57BE1C00FC21CD /* Services */,
				628731811D56BD2200FC21CD /* Model */,
				628731841D56CC2100FC21CD /* View */,
				628731871D56D5F400FC21CD /* Controller */,
				6287316F1D56BC1900FC21CD /* AppDelegate.swift */,
				628731761D56BC1900FC21CD /* Assets.xcassets */,
				6287317B1D56BC1900FC21CD /* Info.plist */,
			);
			path = "My-Neighborhood";
			sourceTree = "<group>";
		};
		628731811D56BD2200FC21CD /* Model */ = {
			isa = PBXGroup;
			children = (
				628731821D56BD4500FC21CD /* Post.swift */,
			);
			name = Model;
			sourceTree = "<group>";
		};
		628731841D56CC2100FC21CD /* View */ = {
			isa = PBXGroup;
			children = (
				628731781D56BC1900FC21CD /* LaunchScreen.storyboard */,
				628731731D56BC1900FC21CD /* Main.storyboard */,
				628731851D56CC6900FC21CD /* PostCell.swift */,
			);
			name = View;
			sourceTree = "<group>";
		};
		628731871D56D5F400FC21CD /* Controller */ = {
			isa = PBXGroup;
			children = (
				628731711D56BC1900FC21CD /* ViewController.swift */,
				628731881D56D6DE00FC21CD /* AddPostVC.swift */,
			);
			name = Controller;
			sourceTree = "<group>";
		};
		6287318A1D57BE1C00FC21CD /* Services */ = {
			isa = PBXGroup;
			children = (
				6287318B1D57BE4500FC21CD /* DataService.swift */,
			);
			name = Services;
			sourceTree = "<group>";
		};
/* End PBXGroup section */

/* Begin PBXNativeTarget section */
		6287316B1D56BC1900FC21CD /* My-Neighborhood */ = {
			isa = PBXNativeTarget;
			buildConfigurationList = 6287317E1D56BC1900FC21CD /* Build configuration list for PBXNativeTarget "My-Neighborhood" */;
			buildPhases = (
				628731681D56BC1900FC21CD /* Sources */,
				628731691D56BC1900FC21CD /* Frameworks */,
				6287316A1D56BC1900FC21CD /* Resources */,
			);
			buildRules = (
			);
			dependencies = (
			);
			name = "My-Neighborhood";
			productName = "My-Neighborhood";
			productReference = 6287316C1D56BC1900FC21CD /* My-Neighborhood.app */;
			productType = "com.apple.product-type.application";
		};
/* End PBXNativeTarget section */

/* Begin PBXProject section */
		628731641D56BC1900FC21CD /* Project object */ = {
			isa = PBXProject;
			attributes = {
				LastSwiftUpdateCheck = 0730;
				LastUpgradeCheck = 0730;
				ORGANIZATIONNAME = "Vandan Patel";
				TargetAttributes = {
					6287316B1D56BC1900FC21CD = {
						CreatedOnToolsVersion = 7.3.1;
					};
				};
			};
			buildConfigurationList = 628731671D56BC1900FC21CD /* Build configuration list for PBXProject "My-Neighborhood" */;
			compatibilityVersion = "Xcode 3.2";
			developmentRegion = English;
			hasScannedForEncodings = 0;
			knownRegions = (
				en,
				Base,
			);
			mainGroup = 628731631D56BC1900FC21CD;
			productRefGroup = 6287316D1D56BC1900FC21CD /* Products */;
			projectDirPath = "";
			projectRoot = "";
			targets = (
				6287316B1D56BC1900FC21CD /* My-Neighborhood */,
			);
		};
/* End PBXProject section */

/* Begin PBXResourcesBuildPhase section */
		6287316A1D56BC1900FC21CD /* Resources */ = {
			isa = PBXResourcesBuildPhase;
			buildActionMask = 2147483647;
			files = (
				6287317A1D56BC1900FC21CD /* LaunchScreen.storyboard in Resources */,
				628731771D56BC1900FC21CD /* Assets.xcassets in Resources */,
				628731751D56BC1900FC21CD /* Main.storyboard in Resources */,
			);
			runOnlyForDeploymentPostprocessing = 0;
		};
/* End PBXResourcesBuildPhase section */

/* Begin PBXSourcesBuildPhase section */
		628731681D56BC1900FC21CD /* Sources */ = {
			isa = PBXSourcesBuildPhase;
			buildActionMask = 2147483647;
			files = (
				628731831D56BD4500FC21CD /* Post.swift in Sources */,
				628731721D56BC1900FC21CD /* ViewController.swift in Sources */,
				628731891D56D6DE00FC21CD /* AddPostVC.swift in Sources */,
				6287318C1D57BE4500FC21CD /* DataService.swift in Sources */,
				628731701D56BC1900FC21CD /* AppDelegate.swift in Sources */,
				628731861D56CC6900FC21CD /* PostCell.swift in Sources */,
			);
			runOnlyForDeploymentPostprocessing = 0;
		};
/* End PBXSourcesBuildPhase section */

/* Begin PBXVariantGroup section */
		628731731D56BC1900FC21CD /* Main.storyboard */ = {
			isa = PBXVariantGroup;
			children = (
				628731741D56BC1900FC21CD /* Base */,
			);
			name = Main.storyboard;
			sourceTree = "<group>";
		};
		628731781D56BC1900FC21CD /* LaunchScreen.storyboard */ = {
			isa = PBXVariantGroup;
			children = (
				628731791D56BC1900FC21CD /* Base */,
			);
			name = LaunchScreen.storyboard;
			sourceTree = "<group>";
		};
/* End PBXVariantGroup section */

/* Begin XCBuildConfiguration section */
		6287317C1D56BC1900FC21CD /* Debug */ = {
			isa = XCBuildConfiguration;
			buildSettings = {
				ALWAYS_SEARCH_USER_PATHS = NO;
				CLANG_ANALYZER_NONNULL = YES;
				CLANG_CXX_LANGUAGE_STANDARD = "gnu++0x";
				CLANG_CXX_LIBRARY = "libc++";
				CLANG_ENABLE_MODULES = YES;
				CLANG_ENABLE_OBJC_ARC = YES;
				CLANG_WARN_BOOL_CONVERSION = YES;
				CLANG_WARN_CONSTANT_CONVERSION = YES;
				CLANG_WARN_DIRECT_OBJC_ISA_USAGE = YES_ERROR;
				CLANG_WARN_EMPTY_BODY = YES;
				CLANG_WARN_ENUM_CONVERSION = YES;
				CLANG_WARN_INT_CONVERSION = YES;
				CLANG_WARN_OBJC_ROOT_CLASS = YES_ERROR;
				CLANG_WARN_UNREACHABLE_CODE = YES;
				CLANG_WARN__DUPLICATE_METHOD_MATCH = YES;
				"CODE_SIGN_IDENTITY[sdk=iphoneos*]" = "iPhone Developer";
				COPY_PHASE_STRIP = NO;
				DEBUG_INFORMATION_FORMAT = dwarf;
				ENABLE_STRICT_OBJC_MSGSEND = YES;
				ENABLE_TESTABILITY = YES;
				GCC_C_LANGUAGE_STANDARD = gnu99;
				GCC_DYNAMIC_NO_PIC = NO;
				GCC_NO_COMMON_BLOCKS = YES;
				GCC_OPTIMIZATION_LEVEL = 0;
				GCC_PREPROCESSOR_DEFINITIONS = (
					"DEBUG=1",
					"$(inherited)",
				);
				GCC_WARN_64_TO_32_BIT_CONVERSION = YES;
				GCC_WARN_ABOUT_RETURN_TYPE = YES_ERROR;
				GCC_WARN_UNDECLARED_SELECTOR = YES;
				GCC_WARN_UNINITIALIZED_AUTOS = YES_AGGRESSIVE;
				GCC_WARN_UNUSED_FUNCTION = YES;
				GCC_WARN_UNUSED_VARIABLE = YES;
				IPHONEOS_DEPLOYMENT_TARGET = 9.3;
				MTL_ENABLE_DEBUG_INFO = YES;
				ONLY_ACTIVE_ARCH = YES;
				SDKROOT = iphoneos;
				SWIFT_OPTIMIZATION_LEVEL = "-Onone";
				TARGETED_DEVICE_FAMILY = "1,2";
			};
			name = Debug;
		};
		6287317D1D56BC1900FC21CD /* Release */ = {
			isa = XCBuildConfiguration;
			buildSettings = {
				ALWAYS_SEARCH_USER_PATHS = NO;
				CLANG_ANALYZER_NONNULL = YES;
				CLANG_CXX_LANGUAGE_STANDARD = "gnu++0x";
				CLANG_CXX_LIBRARY = "libc++";
				CLANG_ENABLE_MODULES = YES;
				CLANG_ENABLE_OBJC_ARC = YES;
				CLANG_WARN_BOOL_CONVERSION = YES;
				CLANG_WARN_CONSTANT_CONVERSION = YES;
				CLANG_WARN_DIRECT_OBJC_ISA_USAGE = YES_ERROR;
				CLANG_WARN_EMPTY_BODY = YES;
				CLANG_WARN_ENUM_CONVERSION = YES;
				CLANG_WARN_INT_CONVERSION = YES;
				CLANG_WARN_OBJC_ROOT_CLASS = YES_ERROR;
				CLANG_WARN_UNREACHABLE_CODE = YES;
				CLANG_WARN__DUPLICATE_METHOD_MATCH = YES;
				"CODE_SIGN_IDENTITY[sdk=iphoneos*]" = "iPhone Developer";
				COPY_PHASE_STRIP = NO;
				DEBUG_INFORMATION_FORMAT = "dwarf-with-dsym";
				ENABLE_NS_ASSERTIONS = NO;
				ENABLE_STRICT_OBJC_MSGSEND = YES;
				GCC_C_LANGUAGE_STANDARD = gnu99;
				GCC_NO_COMMON_BLOCKS = YES;
				GCC_WARN_64_TO_32_BIT_CONVERSION = YES;
				GCC_WARN_ABOUT_RETURN_TYPE = YES_ERROR;
				GCC_WARN_UNDECLARED_SELECTOR = YES;
				GCC_WARN_UNINITIALIZED_AUTOS = YES_AGGRESSIVE;
				GCC_WARN_UNUSED_FUNCTION = YES;
				GCC_WARN_UNUSED_VARIABLE = YES;
				IPHONEOS_DEPLOYMENT_TARGET = 9.3;
				MTL_ENABLE_DEBUG_INFO = NO;
				SDKROOT = iphoneos;
				TARGETED_DEVICE_FAMILY = "1,2";
				VALIDATE_PRODUCT = YES;
			};
			name = Release;
		};
		6287317F1D56BC1900FC21CD /* Debug */ = {
			isa = XCBuildConfiguration;
			buildSettings = {
				ASSETCATALOG_COMPILER_APPICON_NAME = AppIcon;
				INFOPLIST_FILE = "My-Neighborhood/Info.plist";
				LD_RUNPATH_SEARCH_PATHS = "$(inherited) @executable_path/Frameworks";
				PRODUCT_BUNDLE_IDENTIFIER = "com.vandanpatel.My-Neighborhood";
				PRODUCT_NAME = "$(TARGET_NAME)";
			};
			name = Debug;
		};
		628731801D56BC1900FC21CD /* Release */ = {
			isa = XCBuildConfiguration;
			buildSettings = {
				ASSETCATALOG_COMPILER_APPICON_NAME = AppIcon;
				INFOPLIST_FILE = "My-Neighborhood/Info.plist";
				LD_RUNPATH_SEARCH_PATHS = "$(inherited) @executable_path/Frameworks";
				PRODUCT_BUNDLE_IDENTIFIER = "com.vandanpatel.My-Neighborhood";
				PRODUCT_NAME = "$(TARGET_NAME)";
			};
			name = Release;
		};
/* End XCBuildConfiguration section */

/* Begin XCConfigurationList section */
		628731671D56BC1900FC21CD /* Build configuration list for PBXProject "My-Neighborhood" */ = {
			isa = XCConfigurationList;
			buildConfigurations = (
				6287317C1D56BC1900FC21CD /* Debug */,
				6287317D1D56BC1900FC21CD /* Release */,
			);
			defaultConfigurationIsVisible = 0;
			defaultConfigurationName = Release;
		};
		6287317E1D56BC1900FC21CD /* Build configuration list for PBXNativeTarget "My-Neighborhood" */ = {
			isa = XCConfigurationList;
			buildConfigurations = (
				6287317F1D56BC1900FC21CD /* Debug */,
				628731801D56BC1900FC21CD /* Release */,
			);
			defaultConfigurationIsVisible = 0;
		};
/* End XCConfigurationList section */
	};
	rootObject = 628731641D56BC1900FC21CD /* Project object */;
}
